// !$*UTF8*$!
{
	archiveVersion = 1;
	classes = {
	};
	objectVersion = 50;
	objects = {

/* Begin PBXBuildFile section */
		AD0CA92D251E9A8A00C03165 /* Author.swift in Sources */ = {isa = PBXBuildFile; fileRef = AD0CA92C251E9A8A00C03165 /* Author.swift */; };
		AD0CA92F251E9AF400C03165 /* Paper.swift in Sources */ = {isa = PBXBuildFile; fileRef = AD0CA92E251E9AF400C03165 /* Paper.swift */; };
		AD0CA931251E9C9B00C03165 /* Room.swift in Sources */ = {isa = PBXBuildFile; fileRef = AD0CA930251E9C9A00C03165 /* Room.swift */; };
		AD0CA939251EAF8000C03165 /* SpotlightCell.swift in Sources */ = {isa = PBXBuildFile; fileRef = AD0CA938251EAF8000C03165 /* SpotlightCell.swift */; };
		AD83FB40251E936D000B4397 /* AppDelegate.swift in Sources */ = {isa = PBXBuildFile; fileRef = AD83FB3F251E936D000B4397 /* AppDelegate.swift */; };
		AD83FB42251E936D000B4397 /* SceneDelegate.swift in Sources */ = {isa = PBXBuildFile; fileRef = AD83FB41251E936D000B4397 /* SceneDelegate.swift */; };
		AD83FB44251E936D000B4397 /* HomeViewController.swift in Sources */ = {isa = PBXBuildFile; fileRef = AD83FB43251E936D000B4397 /* HomeViewController.swift */; };
		AD83FB47251E936D000B4397 /* Main.storyboard in Resources */ = {isa = PBXBuildFile; fileRef = AD83FB45251E936D000B4397 /* Main.storyboard */; };
		AD83FB49251E936E000B4397 /* Assets.xcassets in Resources */ = {isa = PBXBuildFile; fileRef = AD83FB48251E936E000B4397 /* Assets.xcassets */; };
		AD83FB4C251E936E000B4397 /* LaunchScreen.storyboard in Resources */ = {isa = PBXBuildFile; fileRef = AD83FB4A251E936E000B4397 /* LaunchScreen.storyboard */; };
		AD83FB55251E9580000B4397 /* InfoViewController.swift in Sources */ = {isa = PBXBuildFile; fileRef = AD83FB54251E9580000B4397 /* InfoViewController.swift */; };
/* End PBXBuildFile section */

/* Begin PBXFileReference section */
		AD0CA92C251E9A8A00C03165 /* Author.swift */ = {isa = PBXFileReference; lastKnownFileType = sourcecode.swift; path = Author.swift; sourceTree = "<group>"; };
		AD0CA92E251E9AF400C03165 /* Paper.swift */ = {isa = PBXFileReference; lastKnownFileType = sourcecode.swift; path = Paper.swift; sourceTree = "<group>"; };
		AD0CA930251E9C9A00C03165 /* Room.swift */ = {isa = PBXFileReference; lastKnownFileType = sourcecode.swift; path = Room.swift; sourceTree = "<group>"; };
		AD0CA938251EAF8000C03165 /* SpotlightCell.swift */ = {isa = PBXFileReference; lastKnownFileType = sourcecode.swift; path = SpotlightCell.swift; sourceTree = "<group>"; };
		AD83FB3C251E936D000B4397 /* Telfor.app */ = {isa = PBXFileReference; explicitFileType = wrapper.application; includeInIndex = 0; path = Telfor.app; sourceTree = BUILT_PRODUCTS_DIR; };
		AD83FB3F251E936D000B4397 /* AppDelegate.swift */ = {isa = PBXFileReference; lastKnownFileType = sourcecode.swift; path = AppDelegate.swift; sourceTree = "<group>"; };
		AD83FB41251E936D000B4397 /* SceneDelegate.swift */ = {isa = PBXFileReference; lastKnownFileType = sourcecode.swift; path = SceneDelegate.swift; sourceTree = "<group>"; };
		AD83FB43251E936D000B4397 /* HomeViewController.swift */ = {isa = PBXFileReference; lastKnownFileType = sourcecode.swift; path = HomeViewController.swift; sourceTree = "<group>"; };
		AD83FB46251E936D000B4397 /* Base */ = {isa = PBXFileReference; lastKnownFileType = file.storyboard; name = Base; path = Base.lproj/Main.storyboard; sourceTree = "<group>"; };
		AD83FB48251E936E000B4397 /* Assets.xcassets */ = {isa = PBXFileReference; lastKnownFileType = folder.assetcatalog; path = Assets.xcassets; sourceTree = "<group>"; };
		AD83FB4B251E936E000B4397 /* Base */ = {isa = PBXFileReference; lastKnownFileType = file.storyboard; name = Base; path = Base.lproj/LaunchScreen.storyboard; sourceTree = "<group>"; };
		AD83FB4D251E936E000B4397 /* Info.plist */ = {isa = PBXFileReference; lastKnownFileType = text.plist.xml; path = Info.plist; sourceTree = "<group>"; };
		AD83FB54251E9580000B4397 /* InfoViewController.swift */ = {isa = PBXFileReference; lastKnownFileType = sourcecode.swift; path = InfoViewController.swift; sourceTree = "<group>"; };
/* End PBXFileReference section */

/* Begin PBXFrameworksBuildPhase section */
		AD83FB39251E936D000B4397 /* Frameworks */ = {
			isa = PBXFrameworksBuildPhase;
			buildActionMask = 2147483647;
			files = (
			);
			runOnlyForDeploymentPostprocessing = 0;
		};
/* End PBXFrameworksBuildPhase section */

/* Begin PBXGroup section */
		AD0CA92A251E99E000C03165 /* Views */ = {
			isa = PBXGroup;
			children = (
				AD0CA937251EAF6D00C03165 /* Cells */,
				AD83FB4A251E936E000B4397 /* LaunchScreen.storyboard */,
				AD83FB45251E936D000B4397 /* Main.storyboard */,
			);
			path = Views;
			sourceTree = "<group>";
		};
		AD0CA92B251E9A7600C03165 /* Model */ = {
			isa = PBXGroup;
			children = (
				AD0CA92C251E9A8A00C03165 /* Author.swift */,
				AD0CA92E251E9AF400C03165 /* Paper.swift */,
				AD0CA930251E9C9A00C03165 /* Room.swift */,
			);
			path = Model;
			sourceTree = "<group>";
		};
		AD0CA937251EAF6D00C03165 /* Cells */ = {
			isa = PBXGroup;
			children = (
				AD0CA938251EAF8000C03165 /* SpotlightCell.swift */,
			);
			path = Cells;
			sourceTree = "<group>";
		};
		AD83FB33251E936D000B4397 = {
			isa = PBXGroup;
			children = (
				AD83FB3E251E936D000B4397 /* Telfor */,
				AD83FB3D251E936D000B4397 /* Products */,
			);
			sourceTree = "<group>";
		};
		AD83FB3D251E936D000B4397 /* Products */ = {
			isa = PBXGroup;
			children = (
				AD83FB3C251E936D000B4397 /* Telfor.app */,
			);
			name = Products;
			sourceTree = "<group>";
		};
		AD83FB3E251E936D000B4397 /* Telfor */ = {
			isa = PBXGroup;
			children = (
				AD83FB3F251E936D000B4397 /* AppDelegate.swift */,
				AD83FB41251E936D000B4397 /* SceneDelegate.swift */,
				AD83FB48251E936E000B4397 /* Assets.xcassets */,
				AD83FB4D251E936E000B4397 /* Info.plist */,
				AD0CA92A251E99E000C03165 /* Views */,
				AD83FB53251E9504000B4397 /* Controllers */,
				AD0CA92B251E9A7600C03165 /* Model */,
			);
			path = Telfor;
			sourceTree = "<group>";
		};
		AD83FB53251E9504000B4397 /* Controllers */ = {
			isa = PBXGroup;
			children = (
				AD83FB43251E936D000B4397 /* HomeViewController.swift */,
				AD83FB54251E9580000B4397 /* InfoViewController.swift */,
			);
			path = Controllers;
			sourceTree = "<group>";
		};
/* End PBXGroup section */

/* Begin PBXNativeTarget section */
		AD83FB3B251E936D000B4397 /* Telfor */ = {
			isa = PBXNativeTarget;
			buildConfigurationList = AD83FB50251E936E000B4397 /* Build configuration list for PBXNativeTarget "Telfor" */;
			buildPhases = (
				AD83FB38251E936D000B4397 /* Sources */,
				AD83FB39251E936D000B4397 /* Frameworks */,
				AD83FB3A251E936D000B4397 /* Resources */,
			);
			buildRules = (
			);
			dependencies = (
			);
			name = Telfor;
			productName = Telfor;
			productReference = AD83FB3C251E936D000B4397 /* Telfor.app */;
			productType = "com.apple.product-type.application";
		};
/* End PBXNativeTarget section */

/* Begin PBXProject section */
		AD83FB34251E936D000B4397 /* Project object */ = {
			isa = PBXProject;
			attributes = {
				LastSwiftUpdateCheck = 1160;
				LastUpgradeCheck = 1160;
				ORGANIZATIONNAME = "Marko Mladenovic";
				TargetAttributes = {
					AD83FB3B251E936D000B4397 = {
						CreatedOnToolsVersion = 11.6;
					};
				};
			};
			buildConfigurationList = AD83FB37251E936D000B4397 /* Build configuration list for PBXProject "Telfor" */;
			compatibilityVersion = "Xcode 9.3";
			developmentRegion = en;
			hasScannedForEncodings = 0;
			knownRegions = (
				en,
				Base,
			);
			mainGroup = AD83FB33251E936D000B4397;
			productRefGroup = AD83FB3D251E936D000B4397 /* Products */;
			projectDirPath = "";
			projectRoot = "";
			targets = (
				AD83FB3B251E936D000B4397 /* Telfor */,
			);
		};
/* End PBXProject section */

/* Begin PBXResourcesBuildPhase section */
		AD83FB3A251E936D000B4397 /* Resources */ = {
			isa = PBXResourcesBuildPhase;
			buildActionMask = 2147483647;
			files = (
				AD83FB4C251E936E000B4397 /* LaunchScreen.storyboard in Resources */,
				AD83FB49251E936E000B4397 /* Assets.xcassets in Resources */,
				AD83FB47251E936D000B4397 /* Main.storyboard in Resources */,
			);
			runOnlyForDeploymentPostprocessing = 0;
		};
/* End PBXResourcesBuildPhase section */

/* Begin PBXSourcesBuildPhase section */
		AD83FB38251E936D000B4397 /* Sources */ = {
			isa = PBXSourcesBuildPhase;
			buildActionMask = 2147483647;
			files = (
				AD83FB44251E936D000B4397 /* HomeViewController.swift in Sources */,
				AD83FB40251E936D000B4397 /* AppDelegate.swift in Sources */,
				AD0CA931251E9C9B00C03165 /* Room.swift in Sources */,
				AD0CA92F251E9AF400C03165 /* Paper.swift in Sources */,
				AD0CA939251EAF8000C03165 /* SpotlightCell.swift in Sources */,
				AD83FB42251E936D000B4397 /* SceneDelegate.swift in Sources */,
				AD83FB55251E9580000B4397 /* InfoViewController.swift in Sources */,
				AD0CA92D251E9A8A00C03165 /* Author.swift in Sources */,
			);
			runOnlyForDeploymentPostprocessing = 0;
		};
/* End PBXSourcesBuildPhase section */

/* Begin PBXVariantGroup section */
		AD83FB45251E936D000B4397 /* Main.storyboard */ = {
			isa = PBXVariantGroup;
			children = (
				AD83FB46251E936D000B4397 /* Base */,
			);
			name = Main.storyboard;
			sourceTree = "<group>";
		};
		AD83FB4A251E936E000B4397 /* LaunchScreen.storyboard */ = {
			isa = PBXVariantGroup;
			children = (
				AD83FB4B251E936E000B4397 /* Base */,
			);
			name = LaunchScreen.storyboard;
			sourceTree = "<group>";
		};
/* End PBXVariantGroup section */

/* Begin XCBuildConfiguration section */
		AD83FB4E251E936E000B4397 /* Debug */ = {
			isa = XCBuildConfiguration;
			buildSettings = {
				ALWAYS_SEARCH_USER_PATHS = NO;
				CLANG_ANALYZER_NONNULL = YES;
				CLANG_ANALYZER_NUMBER_OBJECT_CONVERSION = YES_AGGRESSIVE;
				CLANG_CXX_LANGUAGE_STANDARD = "gnu++14";
				CLANG_CXX_LIBRARY = "libc++";
				CLANG_ENABLE_MODULES = YES;
				CLANG_ENABLE_OBJC_ARC = YES;
				CLANG_ENABLE_OBJC_WEAK = YES;
				CLANG_WARN_BLOCK_CAPTURE_AUTORELEASING = YES;
				CLANG_WARN_BOOL_CONVERSION = YES;
				CLANG_WARN_COMMA = YES;
				CLANG_WARN_CONSTANT_CONVERSION = YES;
				CLANG_WARN_DEPRECATED_OBJC_IMPLEMENTATIONS = YES;
				CLANG_WARN_DIRECT_OBJC_ISA_USAGE = YES_ERROR;
				CLANG_WARN_DOCUMENTATION_COMMENTS = YES;
				CLANG_WARN_EMPTY_BODY = YES;
				CLANG_WARN_ENUM_CONVERSION = YES;
				CLANG_WARN_INFINITE_RECURSION = YES;
				CLANG_WARN_INT_CONVERSION = YES;
				CLANG_WARN_NON_LITERAL_NULL_CONVERSION = YES;
				CLANG_WARN_OBJC_IMPLICIT_RETAIN_SELF = YES;
				CLANG_WARN_OBJC_LITERAL_CONVERSION = YES;
				CLANG_WARN_OBJC_ROOT_CLASS = YES_ERROR;
				CLANG_WARN_RANGE_LOOP_ANALYSIS = YES;
				CLANG_WARN_STRICT_PROTOTYPES = YES;
				CLANG_WARN_SUSPICIOUS_MOVE = YES;
				CLANG_WARN_UNGUARDED_AVAILABILITY = YES_AGGRESSIVE;
				CLANG_WARN_UNREACHABLE_CODE = YES;
				CLANG_WARN__DUPLICATE_METHOD_MATCH = YES;
				COPY_PHASE_STRIP = NO;
				DEBUG_INFORMATION_FORMAT = dwarf;
				ENABLE_STRICT_OBJC_MSGSEND = YES;
				ENABLE_TESTABILITY = YES;
				GCC_C_LANGUAGE_STANDARD = gnu11;
				GCC_DYNAMIC_NO_PIC = NO;
				GCC_NO_COMMON_BLOCKS = YES;
				GCC_OPTIMIZATION_LEVEL = 0;
				GCC_PREPROCESSOR_DEFINITIONS = (
					"DEBUG=1",
					"$(inherited)",
				);
				GCC_WARN_64_TO_32_BIT_CONVERSION = YES;
				GCC_WARN_ABOUT_RETURN_TYPE = YES_ERROR;
				GCC_WARN_UNDECLARED_SELECTOR = YES;
				GCC_WARN_UNINITIALIZED_AUTOS = YES_AGGRESSIVE;
				GCC_WARN_UNUSED_FUNCTION = YES;
				GCC_WARN_UNUSED_VARIABLE = YES;
				IPHONEOS_DEPLOYMENT_TARGET = 13.6;
				MTL_ENABLE_DEBUG_INFO = INCLUDE_SOURCE;
				MTL_FAST_MATH = YES;
				ONLY_ACTIVE_ARCH = YES;
				SDKROOT = iphoneos;
				SWIFT_ACTIVE_COMPILATION_CONDITIONS = DEBUG;
				SWIFT_OPTIMIZATION_LEVEL = "-Onone";
			};
			name = Debug;
		};
		AD83FB4F251E936E000B4397 /* Release */ = {
			isa = XCBuildConfiguration;
			buildSettings = {
				ALWAYS_SEARCH_USER_PATHS = NO;
				CLANG_ANALYZER_NONNULL = YES;
				CLANG_ANALYZER_NUMBER_OBJECT_CONVERSION = YES_AGGRESSIVE;
				CLANG_CXX_LANGUAGE_STANDARD = "gnu++14";
				CLANG_CXX_LIBRARY = "libc++";
				CLANG_ENABLE_MODULES = YES;
				CLANG_ENABLE_OBJC_ARC = YES;
				CLANG_ENABLE_OBJC_WEAK = YES;
				CLANG_WARN_BLOCK_CAPTURE_AUTORELEASING = YES;
				CLANG_WARN_BOOL_CONVERSION = YES;
				CLANG_WARN_COMMA = YES;
				CLANG_WARN_CONSTANT_CONVERSION = YES;
				CLANG_WARN_DEPRECATED_OBJC_IMPLEMENTATIONS = YES;
				CLANG_WARN_DIRECT_OBJC_ISA_USAGE = YES_ERROR;
				CLANG_WARN_DOCUMENTATION_COMMENTS = YES;
				CLANG_WARN_EMPTY_BODY = YES;
				CLANG_WARN_ENUM_CONVERSION = YES;
				CLANG_WARN_INFINITE_RECURSION = YES;
				CLANG_WARN_INT_CONVERSION = YES;
				CLANG_WARN_NON_LITERAL_NULL_CONVERSION = YES;
				CLANG_WARN_OBJC_IMPLICIT_RETAIN_SELF = YES;
				CLANG_WARN_OBJC_LITERAL_CONVERSION = YES;
				CLANG_WARN_OBJC_ROOT_CLASS = YES_ERROR;
				CLANG_WARN_RANGE_LOOP_ANALYSIS = YES;
				CLANG_WARN_STRICT_PROTOTYPES = YES;
				CLANG_WARN_SUSPICIOUS_MOVE = YES;
				CLANG_WARN_UNGUARDED_AVAILABILITY = YES_AGGRESSIVE;
				CLANG_WARN_UNREACHABLE_CODE = YES;
				CLANG_WARN__DUPLICATE_METHOD_MATCH = YES;
				COPY_PHASE_STRIP = NO;
				DEBUG_INFORMATION_FORMAT = "dwarf-with-dsym";
				ENABLE_NS_ASSERTIONS = NO;
				ENABLE_STRICT_OBJC_MSGSEND = YES;
				GCC_C_LANGUAGE_STANDARD = gnu11;
				GCC_NO_COMMON_BLOCKS = YES;
				GCC_WARN_64_TO_32_BIT_CONVERSION = YES;
				GCC_WARN_ABOUT_RETURN_TYPE = YES_ERROR;
				GCC_WARN_UNDECLARED_SELECTOR = YES;
				GCC_WARN_UNINITIALIZED_AUTOS = YES_AGGRESSIVE;
				GCC_WARN_UNUSED_FUNCTION = YES;
				GCC_WARN_UNUSED_VARIABLE = YES;
				IPHONEOS_DEPLOYMENT_TARGET = 13.6;
				MTL_ENABLE_DEBUG_INFO = NO;
				MTL_FAST_MATH = YES;
				SDKROOT = iphoneos;
				SWIFT_COMPILATION_MODE = wholemodule;
				SWIFT_OPTIMIZATION_LEVEL = "-O";
				VALIDATE_PRODUCT = YES;
			};
			name = Release;
		};
		AD83FB51251E936E000B4397 /* Debug */ = {
			isa = XCBuildConfiguration;
			buildSettings = {
				ASSETCATALOG_COMPILER_APPICON_NAME = AppIcon;
				CODE_SIGN_STYLE = Automatic;
				DEVELOPMENT_TEAM = SA3L24LXCA;
				INFOPLIST_FILE = Telfor/Info.plist;
				LD_RUNPATH_SEARCH_PATHS = (
					"$(inherited)",
					"@executable_path/Frameworks",
				);
				PRODUCT_BUNDLE_IDENTIFIER = com.mladenovicmarkodevelopment.Telfor;
				PRODUCT_NAME = "$(TARGET_NAME)";
				SWIFT_VERSION = 5.0;
				TARGETED_DEVICE_FAMILY = "1,2";
			};
			name = Debug;
		};
		AD83FB52251E936E000B4397 /* Release */ = {
			isa = XCBuildConfiguration;
			buildSettings = {
				ASSETCATALOG_COMPILER_APPICON_NAME = AppIcon;
				CODE_SIGN_STYLE = Automatic;
				DEVELOPMENT_TEAM = SA3L24LXCA;
				INFOPLIST_FILE = Telfor/Info.plist;
				LD_RUNPATH_SEARCH_PATHS = (
					"$(inherited)",
					"@executable_path/Frameworks",
				);
				PRODUCT_BUNDLE_IDENTIFIER = com.mladenovicmarkodevelopment.Telfor;
				PRODUCT_NAME = "$(TARGET_NAME)";
				SWIFT_VERSION = 5.0;
				TARGETED_DEVICE_FAMILY = "1,2";
			};
			name = Release;
		};
/* End XCBuildConfiguration section */

/* Begin XCConfigurationList section */
		AD83FB37251E936D000B4397 /* Build configuration list for PBXProject "Telfor" */ = {
			isa = XCConfigurationList;
			buildConfigurations = (
				AD83FB4E251E936E000B4397 /* Debug */,
				AD83FB4F251E936E000B4397 /* Release */,
			);
			defaultConfigurationIsVisible = 0;
			defaultConfigurationName = Release;
		};
		AD83FB50251E936E000B4397 /* Build configuration list for PBXNativeTarget "Telfor" */ = {
			isa = XCConfigurationList;
			buildConfigurations = (
				AD83FB51251E936E000B4397 /* Debug */,
				AD83FB52251E936E000B4397 /* Release */,
			);
			defaultConfigurationIsVisible = 0;
			defaultConfigurationName = Release;
		};
/* End XCConfigurationList section */
	};
	rootObject = AD83FB34251E936D000B4397 /* Project object */;
}
