// !$*UTF8*$!
{
	archiveVersion = 1;
	classes = {
	};
	objectVersion = 51;
	objects = {

/* Begin PBXBuildFile section */
		AD0CA92D251E9A8A00C03165 /* Author.swift in Sources */ = {isa = PBXBuildFile; fileRef = AD0CA92C251E9A8A00C03165 /* Author.swift */; };
		AD0CA92F251E9AF400C03165 /* Paper.swift in Sources */ = {isa = PBXBuildFile; fileRef = AD0CA92E251E9AF400C03165 /* Paper.swift */; };
		AD0CA931251E9C9B00C03165 /* Room.swift in Sources */ = {isa = PBXBuildFile; fileRef = AD0CA930251E9C9A00C03165 /* Room.swift */; };
		AD0CA939251EAF8000C03165 /* SpotlightCell.swift in Sources */ = {isa = PBXBuildFile; fileRef = AD0CA938251EAF8000C03165 /* SpotlightCell.swift */; };
		AD0CA93B251F873600C03165 /* CollectionContainerCell.swift in Sources */ = {isa = PBXBuildFile; fileRef = AD0CA93A251F873600C03165 /* CollectionContainerCell.swift */; };
		AD0CA93D251F87EF00C03165 /* CollectionDataSource.swift in Sources */ = {isa = PBXBuildFile; fileRef = AD0CA93C251F87EF00C03165 /* CollectionDataSource.swift */; };
		AD0CA93F251F884500C03165 /* BasicCell.swift in Sources */ = {isa = PBXBuildFile; fileRef = AD0CA93E251F884500C03165 /* BasicCell.swift */; };
		AD0CA941251F89FB00C03165 /* BasicTableViewCell.swift in Sources */ = {isa = PBXBuildFile; fileRef = AD0CA940251F89FB00C03165 /* BasicTableViewCell.swift */; };
		AD0CA943251F8AE700C03165 /* CellInfo.swift in Sources */ = {isa = PBXBuildFile; fileRef = AD0CA942251F8AE700C03165 /* CellInfo.swift */; };
		AD0CA946251F94B400C03165 /* DeviceInfo.swift in Sources */ = {isa = PBXBuildFile; fileRef = AD0CA945251F94B400C03165 /* DeviceInfo.swift */; };
		AD0CA94A251FA44B00C03165 /* CollectionCell.swift in Sources */ = {isa = PBXBuildFile; fileRef = AD0CA949251FA44B00C03165 /* CollectionCell.swift */; };
		AD0CA94D251FA59E00C03165 /* LightAuthor.swift in Sources */ = {isa = PBXBuildFile; fileRef = AD0CA94C251FA59E00C03165 /* LightAuthor.swift */; };
		AD0CA94F251FA5BA00C03165 /* LightPaper.swift in Sources */ = {isa = PBXBuildFile; fileRef = AD0CA94E251FA5BA00C03165 /* LightPaper.swift */; };
		AD0CA951251FA5E100C03165 /* LightRoom.swift in Sources */ = {isa = PBXBuildFile; fileRef = AD0CA950251FA5E100C03165 /* LightRoom.swift */; };
		AD0CA953251FEFB100C03165 /* SectionHeaderView.xib in Resources */ = {isa = PBXBuildFile; fileRef = AD0CA952251FEFB100C03165 /* SectionHeaderView.xib */; };
		AD0CA956251FF02900C03165 /* SectionHeaderView.swift in Sources */ = {isa = PBXBuildFile; fileRef = AD0CA955251FF02900C03165 /* SectionHeaderView.swift */; };
		AD0CA960252001B200C03165 /* Localizable.strings in Resources */ = {isa = PBXBuildFile; fileRef = AD0CA962252001B200C03165 /* Localizable.strings */; };
		AD0CA96A252007AF00C03165 /* LaunchScreen.storyboard in Resources */ = {isa = PBXBuildFile; fileRef = AD0CA968252007AF00C03165 /* LaunchScreen.storyboard */; };
		AD0CA96B252007AF00C03165 /* Main.storyboard in Resources */ = {isa = PBXBuildFile; fileRef = AD0CA969252007AF00C03165 /* Main.storyboard */; };
		AD0CA96E252008B200C03165 /* SwiftGenImageNames.swift in Sources */ = {isa = PBXBuildFile; fileRef = AD0CA96C252008B100C03165 /* SwiftGenImageNames.swift */; };
		AD0CA96F252008B200C03165 /* SwiftGenLocalizedStrings.swift in Sources */ = {isa = PBXBuildFile; fileRef = AD0CA96D252008B100C03165 /* SwiftGenLocalizedStrings.swift */; };
		AD0CA97125200B6600C03165 /* Author.storyboard in Resources */ = {isa = PBXBuildFile; fileRef = AD0CA97025200B6600C03165 /* Author.storyboard */; };
		AD0CA97425200B6F00C03165 /* StoryboardSegues.swift in Sources */ = {isa = PBXBuildFile; fileRef = AD0CA97225200B6F00C03165 /* StoryboardSegues.swift */; };
		AD0CA97525200B6F00C03165 /* StoryboardScenes.swift in Sources */ = {isa = PBXBuildFile; fileRef = AD0CA97325200B6F00C03165 /* StoryboardScenes.swift */; };
		AD0CA97725200BDA00C03165 /* AuthorDetailsViewController.swift in Sources */ = {isa = PBXBuildFile; fileRef = AD0CA97625200BDA00C03165 /* AuthorDetailsViewController.swift */; };
		AD0CA97925201BBB00C03165 /* TableTextViewCell.swift in Sources */ = {isa = PBXBuildFile; fileRef = AD0CA97825201BBB00C03165 /* TableTextViewCell.swift */; };
		AD0CA97C25216E9C00C03165 /* ClientApiRouter.swift in Sources */ = {isa = PBXBuildFile; fileRef = AD0CA97B25216E9C00C03165 /* ClientApiRouter.swift */; };
		AD0CA97F2521781A00C03165 /* HomeDataProvider.swift in Sources */ = {isa = PBXBuildFile; fileRef = AD0CA97E2521781A00C03165 /* HomeDataProvider.swift */; };
		AD0CA98125217A6D00C03165 /* HomeModel.swift in Sources */ = {isa = PBXBuildFile; fileRef = AD0CA98025217A6D00C03165 /* HomeModel.swift */; };
		AD83FB40251E936D000B4397 /* AppDelegate.swift in Sources */ = {isa = PBXBuildFile; fileRef = AD83FB3F251E936D000B4397 /* AppDelegate.swift */; };
		AD83FB42251E936D000B4397 /* SceneDelegate.swift in Sources */ = {isa = PBXBuildFile; fileRef = AD83FB41251E936D000B4397 /* SceneDelegate.swift */; };
		AD83FB44251E936D000B4397 /* HomeViewController.swift in Sources */ = {isa = PBXBuildFile; fileRef = AD83FB43251E936D000B4397 /* HomeViewController.swift */; };
		AD83FB49251E936E000B4397 /* Assets.xcassets in Resources */ = {isa = PBXBuildFile; fileRef = AD83FB48251E936E000B4397 /* Assets.xcassets */; };
		AD83FB55251E9580000B4397 /* InfoViewController.swift in Sources */ = {isa = PBXBuildFile; fileRef = AD83FB54251E9580000B4397 /* InfoViewController.swift */; };
		ADFAFB06252225BA00CF0D48 /* ClientApiService.swift in Sources */ = {isa = PBXBuildFile; fileRef = ADFAFB05252225BA00CF0D48 /* ClientApiService.swift */; };
		ADFAFB082522804D00CF0D48 /* Paper.storyboard in Resources */ = {isa = PBXBuildFile; fileRef = ADFAFB072522804D00CF0D48 /* Paper.storyboard */; };
		ADFAFB0A2522813C00CF0D48 /* PaperDetailsViewController.swift in Sources */ = {isa = PBXBuildFile; fileRef = ADFAFB092522813C00CF0D48 /* PaperDetailsViewController.swift */; };
		ADFAFB0C25229D8500CF0D48 /* Date+Formater.swift in Sources */ = {isa = PBXBuildFile; fileRef = ADFAFB0B25229D8500CF0D48 /* Date+Formater.swift */; };
		ADFAFB0E2522B7B900CF0D48 /* ResponseObjects.swift in Sources */ = {isa = PBXBuildFile; fileRef = ADFAFB0D2522B7B900CF0D48 /* ResponseObjects.swift */; };
		ADFAFB102522B81C00CF0D48 /* Room.storyboard in Resources */ = {isa = PBXBuildFile; fileRef = ADFAFB0F2522B81C00CF0D48 /* Room.storyboard */; };
		ADFAFB122522B8A400CF0D48 /* RoomDetailsViewController.swift in Sources */ = {isa = PBXBuildFile; fileRef = ADFAFB112522B8A400CF0D48 /* RoomDetailsViewController.swift */; };
		B39A575C3CAFD9AF28FD3491 /* Pods_Telfor.framework in Frameworks */ = {isa = PBXBuildFile; fileRef = EBF82876AF24E018A302DF7B /* Pods_Telfor.framework */; };
/* End PBXBuildFile section */

/* Begin PBXFileReference section */
		A70C425EF446996CA722361B /* Pods-Telfor.debug.xcconfig */ = {isa = PBXFileReference; includeInIndex = 1; lastKnownFileType = text.xcconfig; name = "Pods-Telfor.debug.xcconfig"; path = "Target Support Files/Pods-Telfor/Pods-Telfor.debug.xcconfig"; sourceTree = "<group>"; };
		AD0CA92C251E9A8A00C03165 /* Author.swift */ = {isa = PBXFileReference; lastKnownFileType = sourcecode.swift; path = Author.swift; sourceTree = "<group>"; };
		AD0CA92E251E9AF400C03165 /* Paper.swift */ = {isa = PBXFileReference; lastKnownFileType = sourcecode.swift; path = Paper.swift; sourceTree = "<group>"; };
		AD0CA930251E9C9A00C03165 /* Room.swift */ = {isa = PBXFileReference; lastKnownFileType = sourcecode.swift; path = Room.swift; sourceTree = "<group>"; };
		AD0CA938251EAF8000C03165 /* SpotlightCell.swift */ = {isa = PBXFileReference; lastKnownFileType = sourcecode.swift; path = SpotlightCell.swift; sourceTree = "<group>"; };
		AD0CA93A251F873600C03165 /* CollectionContainerCell.swift */ = {isa = PBXFileReference; lastKnownFileType = sourcecode.swift; path = CollectionContainerCell.swift; sourceTree = "<group>"; };
		AD0CA93C251F87EF00C03165 /* CollectionDataSource.swift */ = {isa = PBXFileReference; lastKnownFileType = sourcecode.swift; path = CollectionDataSource.swift; sourceTree = "<group>"; };
		AD0CA93E251F884500C03165 /* BasicCell.swift */ = {isa = PBXFileReference; lastKnownFileType = sourcecode.swift; path = BasicCell.swift; sourceTree = "<group>"; };
		AD0CA940251F89FB00C03165 /* BasicTableViewCell.swift */ = {isa = PBXFileReference; lastKnownFileType = sourcecode.swift; path = BasicTableViewCell.swift; sourceTree = "<group>"; };
		AD0CA942251F8AE700C03165 /* CellInfo.swift */ = {isa = PBXFileReference; lastKnownFileType = sourcecode.swift; path = CellInfo.swift; sourceTree = "<group>"; };
		AD0CA945251F94B400C03165 /* DeviceInfo.swift */ = {isa = PBXFileReference; lastKnownFileType = sourcecode.swift; path = DeviceInfo.swift; sourceTree = "<group>"; };
		AD0CA949251FA44B00C03165 /* CollectionCell.swift */ = {isa = PBXFileReference; lastKnownFileType = sourcecode.swift; path = CollectionCell.swift; sourceTree = "<group>"; };
		AD0CA94C251FA59E00C03165 /* LightAuthor.swift */ = {isa = PBXFileReference; lastKnownFileType = sourcecode.swift; path = LightAuthor.swift; sourceTree = "<group>"; };
		AD0CA94E251FA5BA00C03165 /* LightPaper.swift */ = {isa = PBXFileReference; lastKnownFileType = sourcecode.swift; path = LightPaper.swift; sourceTree = "<group>"; };
		AD0CA950251FA5E100C03165 /* LightRoom.swift */ = {isa = PBXFileReference; lastKnownFileType = sourcecode.swift; path = LightRoom.swift; sourceTree = "<group>"; };
		AD0CA952251FEFB100C03165 /* SectionHeaderView.xib */ = {isa = PBXFileReference; lastKnownFileType = file.xib; path = SectionHeaderView.xib; sourceTree = "<group>"; };
		AD0CA955251FF02900C03165 /* SectionHeaderView.swift */ = {isa = PBXFileReference; lastKnownFileType = sourcecode.swift; path = SectionHeaderView.swift; sourceTree = "<group>"; };
		AD0CA961252001B200C03165 /* en */ = {isa = PBXFileReference; lastKnownFileType = text.plist.strings; name = en; path = en.lproj/Localizable.strings; sourceTree = "<group>"; };
		AD0CA966252005E000C03165 /* sr-RS */ = {isa = PBXFileReference; lastKnownFileType = text.plist.strings; name = "sr-RS"; path = "sr-RS.lproj/Localizable.strings"; sourceTree = "<group>"; };
		AD0CA968252007AF00C03165 /* LaunchScreen.storyboard */ = {isa = PBXFileReference; fileEncoding = 4; lastKnownFileType = file.storyboard; path = LaunchScreen.storyboard; sourceTree = "<group>"; };
		AD0CA969252007AF00C03165 /* Main.storyboard */ = {isa = PBXFileReference; fileEncoding = 4; lastKnownFileType = file.storyboard; path = Main.storyboard; sourceTree = "<group>"; };
		AD0CA96C252008B100C03165 /* SwiftGenImageNames.swift */ = {isa = PBXFileReference; fileEncoding = 4; lastKnownFileType = sourcecode.swift; path = SwiftGenImageNames.swift; sourceTree = "<group>"; };
		AD0CA96D252008B100C03165 /* SwiftGenLocalizedStrings.swift */ = {isa = PBXFileReference; fileEncoding = 4; lastKnownFileType = sourcecode.swift; path = SwiftGenLocalizedStrings.swift; sourceTree = "<group>"; };
		AD0CA97025200B6600C03165 /* Author.storyboard */ = {isa = PBXFileReference; lastKnownFileType = file.storyboard; path = Author.storyboard; sourceTree = "<group>"; };
		AD0CA97225200B6F00C03165 /* StoryboardSegues.swift */ = {isa = PBXFileReference; fileEncoding = 4; lastKnownFileType = sourcecode.swift; path = StoryboardSegues.swift; sourceTree = "<group>"; };
		AD0CA97325200B6F00C03165 /* StoryboardScenes.swift */ = {isa = PBXFileReference; fileEncoding = 4; lastKnownFileType = sourcecode.swift; path = StoryboardScenes.swift; sourceTree = "<group>"; };
		AD0CA97625200BDA00C03165 /* AuthorDetailsViewController.swift */ = {isa = PBXFileReference; lastKnownFileType = sourcecode.swift; path = AuthorDetailsViewController.swift; sourceTree = "<group>"; };
		AD0CA97825201BBB00C03165 /* TableTextViewCell.swift */ = {isa = PBXFileReference; lastKnownFileType = sourcecode.swift; path = TableTextViewCell.swift; sourceTree = "<group>"; };
		AD0CA97B25216E9C00C03165 /* ClientApiRouter.swift */ = {isa = PBXFileReference; lastKnownFileType = sourcecode.swift; path = ClientApiRouter.swift; sourceTree = "<group>"; };
		AD0CA97E2521781A00C03165 /* HomeDataProvider.swift */ = {isa = PBXFileReference; lastKnownFileType = sourcecode.swift; path = HomeDataProvider.swift; sourceTree = "<group>"; };
		AD0CA98025217A6D00C03165 /* HomeModel.swift */ = {isa = PBXFileReference; lastKnownFileType = sourcecode.swift; path = HomeModel.swift; sourceTree = "<group>"; };
		AD83FB3C251E936D000B4397 /* Telfor.app */ = {isa = PBXFileReference; explicitFileType = wrapper.application; includeInIndex = 0; path = Telfor.app; sourceTree = BUILT_PRODUCTS_DIR; };
		AD83FB3F251E936D000B4397 /* AppDelegate.swift */ = {isa = PBXFileReference; lastKnownFileType = sourcecode.swift; path = AppDelegate.swift; sourceTree = "<group>"; };
		AD83FB41251E936D000B4397 /* SceneDelegate.swift */ = {isa = PBXFileReference; lastKnownFileType = sourcecode.swift; path = SceneDelegate.swift; sourceTree = "<group>"; };
		AD83FB43251E936D000B4397 /* HomeViewController.swift */ = {isa = PBXFileReference; lastKnownFileType = sourcecode.swift; path = HomeViewController.swift; sourceTree = "<group>"; };
		AD83FB48251E936E000B4397 /* Assets.xcassets */ = {isa = PBXFileReference; lastKnownFileType = folder.assetcatalog; path = Assets.xcassets; sourceTree = "<group>"; };
		AD83FB4D251E936E000B4397 /* Info.plist */ = {isa = PBXFileReference; lastKnownFileType = text.plist.xml; path = Info.plist; sourceTree = "<group>"; };
		AD83FB54251E9580000B4397 /* InfoViewController.swift */ = {isa = PBXFileReference; lastKnownFileType = sourcecode.swift; path = InfoViewController.swift; sourceTree = "<group>"; };
		ADFAFB05252225BA00CF0D48 /* ClientApiService.swift */ = {isa = PBXFileReference; lastKnownFileType = sourcecode.swift; path = ClientApiService.swift; sourceTree = "<group>"; };
		ADFAFB072522804D00CF0D48 /* Paper.storyboard */ = {isa = PBXFileReference; lastKnownFileType = file.storyboard; path = Paper.storyboard; sourceTree = "<group>"; };
		ADFAFB092522813C00CF0D48 /* PaperDetailsViewController.swift */ = {isa = PBXFileReference; lastKnownFileType = sourcecode.swift; path = PaperDetailsViewController.swift; sourceTree = "<group>"; };
		ADFAFB0B25229D8500CF0D48 /* Date+Formater.swift */ = {isa = PBXFileReference; lastKnownFileType = sourcecode.swift; path = "Date+Formater.swift"; sourceTree = "<group>"; };
		ADFAFB0D2522B7B900CF0D48 /* ResponseObjects.swift */ = {isa = PBXFileReference; lastKnownFileType = sourcecode.swift; path = ResponseObjects.swift; sourceTree = "<group>"; };
		ADFAFB0F2522B81C00CF0D48 /* Room.storyboard */ = {isa = PBXFileReference; lastKnownFileType = file.storyboard; path = Room.storyboard; sourceTree = "<group>"; };
		ADFAFB112522B8A400CF0D48 /* RoomDetailsViewController.swift */ = {isa = PBXFileReference; lastKnownFileType = sourcecode.swift; path = RoomDetailsViewController.swift; sourceTree = "<group>"; };
		C7B897DF47C54779035DC8B4 /* Pods-Telfor.release.xcconfig */ = {isa = PBXFileReference; includeInIndex = 1; lastKnownFileType = text.xcconfig; name = "Pods-Telfor.release.xcconfig"; path = "Target Support Files/Pods-Telfor/Pods-Telfor.release.xcconfig"; sourceTree = "<group>"; };
		EBF82876AF24E018A302DF7B /* Pods_Telfor.framework */ = {isa = PBXFileReference; explicitFileType = wrapper.framework; includeInIndex = 0; path = Pods_Telfor.framework; sourceTree = BUILT_PRODUCTS_DIR; };
/* End PBXFileReference section */

/* Begin PBXFrameworksBuildPhase section */
		AD83FB39251E936D000B4397 /* Frameworks */ = {
			isa = PBXFrameworksBuildPhase;
			buildActionMask = 2147483647;
			files = (
				B39A575C3CAFD9AF28FD3491 /* Pods_Telfor.framework in Frameworks */,
			);
			runOnlyForDeploymentPostprocessing = 0;
		};
/* End PBXFrameworksBuildPhase section */

/* Begin PBXGroup section */
		0D9D19371FFACD11492B83FC /* Frameworks */ = {
			isa = PBXGroup;
			children = (
				EBF82876AF24E018A302DF7B /* Pods_Telfor.framework */,
			);
			name = Frameworks;
			sourceTree = "<group>";
		};
		AD0CA92A251E99E000C03165 /* Views */ = {
			isa = PBXGroup;
			children = (
				AD0CA95A251FFE9A00C03165 /* Storyboards */,
				AD0CA954251FF01300C03165 /* SectionHeaderView */,
				AD0CA937251EAF6D00C03165 /* Cells */,
			);
			path = Views;
			sourceTree = "<group>";
		};
		AD0CA92B251E9A7600C03165 /* Model */ = {
			isa = PBXGroup;
			children = (
				AD0CA94B251FA59000C03165 /* LightModels */,
				AD0CA92C251E9A8A00C03165 /* Author.swift */,
				AD0CA92E251E9AF400C03165 /* Paper.swift */,
				AD0CA930251E9C9A00C03165 /* Room.swift */,
				AD0CA98025217A6D00C03165 /* HomeModel.swift */,
			);
			path = Model;
			sourceTree = "<group>";
		};
		AD0CA937251EAF6D00C03165 /* Cells */ = {
			isa = PBXGroup;
			children = (
				AD0CA938251EAF8000C03165 /* SpotlightCell.swift */,
				AD0CA93A251F873600C03165 /* CollectionContainerCell.swift */,
				AD0CA93C251F87EF00C03165 /* CollectionDataSource.swift */,
				AD0CA93E251F884500C03165 /* BasicCell.swift */,
				AD0CA940251F89FB00C03165 /* BasicTableViewCell.swift */,
				AD0CA942251F8AE700C03165 /* CellInfo.swift */,
				AD0CA949251FA44B00C03165 /* CollectionCell.swift */,
				AD0CA97825201BBB00C03165 /* TableTextViewCell.swift */,
			);
			path = Cells;
			sourceTree = "<group>";
		};
		AD0CA944251F949B00C03165 /* Helpers */ = {
			isa = PBXGroup;
			children = (
				AD0CA945251F94B400C03165 /* DeviceInfo.swift */,
				ADFAFB0B25229D8500CF0D48 /* Date+Formater.swift */,
			);
			path = Helpers;
			sourceTree = "<group>";
		};
		AD0CA94B251FA59000C03165 /* LightModels */ = {
			isa = PBXGroup;
			children = (
				AD0CA94C251FA59E00C03165 /* LightAuthor.swift */,
				AD0CA94E251FA5BA00C03165 /* LightPaper.swift */,
				AD0CA950251FA5E100C03165 /* LightRoom.swift */,
			);
			path = LightModels;
			sourceTree = "<group>";
		};
		AD0CA954251FF01300C03165 /* SectionHeaderView */ = {
			isa = PBXGroup;
			children = (
				AD0CA952251FEFB100C03165 /* SectionHeaderView.xib */,
				AD0CA955251FF02900C03165 /* SectionHeaderView.swift */,
			);
			path = SectionHeaderView;
			sourceTree = "<group>";
		};
		AD0CA957251FFB8200C03165 /* Resources */ = {
			isa = PBXGroup;
			children = (
				AD0CA96C252008B100C03165 /* SwiftGenImageNames.swift */,
				AD0CA96D252008B100C03165 /* SwiftGenLocalizedStrings.swift */,
				AD83FB48251E936E000B4397 /* Assets.xcassets */,
				AD0CA962252001B200C03165 /* Localizable.strings */,
			);
			path = Resources;
			sourceTree = "<group>";
		};
		AD0CA95A251FFE9A00C03165 /* Storyboards */ = {
			isa = PBXGroup;
			children = (
				AD0CA968252007AF00C03165 /* LaunchScreen.storyboard */,
				AD0CA969252007AF00C03165 /* Main.storyboard */,
				AD0CA97025200B6600C03165 /* Author.storyboard */,
				AD0CA97325200B6F00C03165 /* StoryboardScenes.swift */,
				AD0CA97225200B6F00C03165 /* StoryboardSegues.swift */,
				ADFAFB072522804D00CF0D48 /* Paper.storyboard */,
				ADFAFB0F2522B81C00CF0D48 /* Room.storyboard */,
			);
			path = Storyboards;
			sourceTree = "<group>";
		};
		AD0CA97A25216E5200C03165 /* Networking */ = {
			isa = PBXGroup;
			children = (
				AD0CA97B25216E9C00C03165 /* ClientApiRouter.swift */,
				ADFAFB05252225BA00CF0D48 /* ClientApiService.swift */,
				ADFAFB0D2522B7B900CF0D48 /* ResponseObjects.swift */,
			);
			path = Networking;
			sourceTree = "<group>";
		};
		AD0CA97D2521780900C03165 /* DataProviders */ = {
			isa = PBXGroup;
			children = (
				AD0CA97E2521781A00C03165 /* HomeDataProvider.swift */,
			);
			path = DataProviders;
			sourceTree = "<group>";
		};
		AD83FB33251E936D000B4397 = {
			isa = PBXGroup;
			children = (
				AD83FB3E251E936D000B4397 /* Telfor */,
				AD83FB3D251E936D000B4397 /* Products */,
				F1FDE83F7DFC44DF928CE5D3 /* Pods */,
				0D9D19371FFACD11492B83FC /* Frameworks */,
			);
			sourceTree = "<group>";
		};
		AD83FB3D251E936D000B4397 /* Products */ = {
			isa = PBXGroup;
			children = (
				AD83FB3C251E936D000B4397 /* Telfor.app */,
			);
			name = Products;
			sourceTree = "<group>";
		};
		AD83FB3E251E936D000B4397 /* Telfor */ = {
			isa = PBXGroup;
			children = (
				AD0CA97D2521780900C03165 /* DataProviders */,
				AD0CA97A25216E5200C03165 /* Networking */,
				AD83FB3F251E936D000B4397 /* AppDelegate.swift */,
				AD83FB41251E936D000B4397 /* SceneDelegate.swift */,
				AD83FB4D251E936E000B4397 /* Info.plist */,
				AD0CA92A251E99E000C03165 /* Views */,
				AD83FB53251E9504000B4397 /* Controllers */,
				AD0CA92B251E9A7600C03165 /* Model */,
				AD0CA957251FFB8200C03165 /* Resources */,
				AD0CA944251F949B00C03165 /* Helpers */,
			);
			path = Telfor;
			sourceTree = "<group>";
		};
		AD83FB53251E9504000B4397 /* Controllers */ = {
			isa = PBXGroup;
			children = (
				AD83FB43251E936D000B4397 /* HomeViewController.swift */,
				AD83FB54251E9580000B4397 /* InfoViewController.swift */,
				AD0CA97625200BDA00C03165 /* AuthorDetailsViewController.swift */,
				ADFAFB092522813C00CF0D48 /* PaperDetailsViewController.swift */,
				ADFAFB112522B8A400CF0D48 /* RoomDetailsViewController.swift */,
			);
			path = Controllers;
			sourceTree = "<group>";
		};
		F1FDE83F7DFC44DF928CE5D3 /* Pods */ = {
			isa = PBXGroup;
			children = (
				A70C425EF446996CA722361B /* Pods-Telfor.debug.xcconfig */,
				C7B897DF47C54779035DC8B4 /* Pods-Telfor.release.xcconfig */,
			);
			path = Pods;
			sourceTree = "<group>";
		};
/* End PBXGroup section */

/* Begin PBXNativeTarget section */
		AD83FB3B251E936D000B4397 /* Telfor */ = {
			isa = PBXNativeTarget;
			buildConfigurationList = AD83FB50251E936E000B4397 /* Build configuration list for PBXNativeTarget "Telfor" */;
			buildPhases = (
				B7E1FA98ABEA6560B48D5DF0 /* [CP] Check Pods Manifest.lock */,
				AD83FB38251E936D000B4397 /* Sources */,
				AD83FB39251E936D000B4397 /* Frameworks */,
				AD83FB3A251E936D000B4397 /* Resources */,
				67A426E801A8CEC2840EABF2 /* [CP] Embed Pods Frameworks */,
			);
			buildRules = (
			);
			dependencies = (
			);
			name = Telfor;
			productName = Telfor;
			productReference = AD83FB3C251E936D000B4397 /* Telfor.app */;
			productType = "com.apple.product-type.application";
		};
/* End PBXNativeTarget section */

/* Begin PBXProject section */
		AD83FB34251E936D000B4397 /* Project object */ = {
			isa = PBXProject;
			attributes = {
				LastSwiftUpdateCheck = 1160;
				LastUpgradeCheck = 1160;
				ORGANIZATIONNAME = "Marko Mladenovic";
				TargetAttributes = {
					AD83FB3B251E936D000B4397 = {
						CreatedOnToolsVersion = 11.6;
					};
				};
			};
			buildConfigurationList = AD83FB37251E936D000B4397 /* Build configuration list for PBXProject "Telfor" */;
			compatibilityVersion = "Xcode 9.3";
			developmentRegion = en;
			hasScannedForEncodings = 0;
			knownRegions = (
				en,
				Base,
				"sr-RS",
			);
			mainGroup = AD83FB33251E936D000B4397;
			productRefGroup = AD83FB3D251E936D000B4397 /* Products */;
			projectDirPath = "";
			projectRoot = "";
			targets = (
				AD83FB3B251E936D000B4397 /* Telfor */,
			);
		};
/* End PBXProject section */

/* Begin PBXResourcesBuildPhase section */
		AD83FB3A251E936D000B4397 /* Resources */ = {
			isa = PBXResourcesBuildPhase;
			buildActionMask = 2147483647;
			files = (
				AD0CA960252001B200C03165 /* Localizable.strings in Resources */,
				AD0CA96B252007AF00C03165 /* Main.storyboard in Resources */,
				ADFAFB082522804D00CF0D48 /* Paper.storyboard in Resources */,
				ADFAFB102522B81C00CF0D48 /* Room.storyboard in Resources */,
				AD0CA96A252007AF00C03165 /* LaunchScreen.storyboard in Resources */,
				AD0CA97125200B6600C03165 /* Author.storyboard in Resources */,
				AD83FB49251E936E000B4397 /* Assets.xcassets in Resources */,
				AD0CA953251FEFB100C03165 /* SectionHeaderView.xib in Resources */,
			);
			runOnlyForDeploymentPostprocessing = 0;
		};
/* End PBXResourcesBuildPhase section */

/* Begin PBXShellScriptBuildPhase section */
		67A426E801A8CEC2840EABF2 /* [CP] Embed Pods Frameworks */ = {
			isa = PBXShellScriptBuildPhase;
			buildActionMask = 2147483647;
			files = (
			);
			inputFileListPaths = (
				"${PODS_ROOT}/Target Support Files/Pods-Telfor/Pods-Telfor-frameworks-${CONFIGURATION}-input-files.xcfilelist",
			);
			name = "[CP] Embed Pods Frameworks";
			outputFileListPaths = (
				"${PODS_ROOT}/Target Support Files/Pods-Telfor/Pods-Telfor-frameworks-${CONFIGURATION}-output-files.xcfilelist",
			);
			runOnlyForDeploymentPostprocessing = 0;
			shellPath = /bin/sh;
			shellScript = "\"${PODS_ROOT}/Target Support Files/Pods-Telfor/Pods-Telfor-frameworks.sh\"\n";
			showEnvVarsInLog = 0;
		};
		B7E1FA98ABEA6560B48D5DF0 /* [CP] Check Pods Manifest.lock */ = {
			isa = PBXShellScriptBuildPhase;
			buildActionMask = 2147483647;
			files = (
			);
			inputFileListPaths = (
			);
			inputPaths = (
				"${PODS_PODFILE_DIR_PATH}/Podfile.lock",
				"${PODS_ROOT}/Manifest.lock",
			);
			name = "[CP] Check Pods Manifest.lock";
			outputFileListPaths = (
			);
			outputPaths = (
				"$(DERIVED_FILE_DIR)/Pods-Telfor-checkManifestLockResult.txt",
			);
			runOnlyForDeploymentPostprocessing = 0;
			shellPath = /bin/sh;
			shellScript = "diff \"${PODS_PODFILE_DIR_PATH}/Podfile.lock\" \"${PODS_ROOT}/Manifest.lock\" > /dev/null\nif [ $? != 0 ] ; then\n    # print error to STDERR\n    echo \"error: The sandbox is not in sync with the Podfile.lock. Run 'pod install' or update your CocoaPods installation.\" >&2\n    exit 1\nfi\n# This output is used by Xcode 'outputs' to avoid re-running this script phase.\necho \"SUCCESS\" > \"${SCRIPT_OUTPUT_FILE_0}\"\n";
			showEnvVarsInLog = 0;
		};
/* End PBXShellScriptBuildPhase section */

/* Begin PBXSourcesBuildPhase section */
		AD83FB38251E936D000B4397 /* Sources */ = {
			isa = PBXSourcesBuildPhase;
			buildActionMask = 2147483647;
			files = (
				ADFAFB0A2522813C00CF0D48 /* PaperDetailsViewController.swift in Sources */,
				AD83FB44251E936D000B4397 /* HomeViewController.swift in Sources */,
				AD0CA96F252008B200C03165 /* SwiftGenLocalizedStrings.swift in Sources */,
				AD0CA93B251F873600C03165 /* CollectionContainerCell.swift in Sources */,
				AD83FB40251E936D000B4397 /* AppDelegate.swift in Sources */,
				AD0CA97725200BDA00C03165 /* AuthorDetailsViewController.swift in Sources */,
				AD0CA931251E9C9B00C03165 /* Room.swift in Sources */,
				AD0CA93D251F87EF00C03165 /* CollectionDataSource.swift in Sources */,
				AD0CA92F251E9AF400C03165 /* Paper.swift in Sources */,
				ADFAFB0E2522B7B900CF0D48 /* ResponseObjects.swift in Sources */,
				ADFAFB0C25229D8500CF0D48 /* Date+Formater.swift in Sources */,
				AD0CA97C25216E9C00C03165 /* ClientApiRouter.swift in Sources */,
				AD0CA939251EAF8000C03165 /* SpotlightCell.swift in Sources */,
				AD0CA94D251FA59E00C03165 /* LightAuthor.swift in Sources */,
				AD0CA946251F94B400C03165 /* DeviceInfo.swift in Sources */,
				AD0CA96E252008B200C03165 /* SwiftGenImageNames.swift in Sources */,
				AD0CA956251FF02900C03165 /* SectionHeaderView.swift in Sources */,
				ADFAFB122522B8A400CF0D48 /* RoomDetailsViewController.swift in Sources */,
				AD0CA97F2521781A00C03165 /* HomeDataProvider.swift in Sources */,
				AD0CA97425200B6F00C03165 /* StoryboardSegues.swift in Sources */,
				AD83FB42251E936D000B4397 /* SceneDelegate.swift in Sources */,
				AD0CA941251F89FB00C03165 /* BasicTableViewCell.swift in Sources */,
				AD0CA94F251FA5BA00C03165 /* LightPaper.swift in Sources */,
				AD0CA93F251F884500C03165 /* BasicCell.swift in Sources */,
				AD0CA951251FA5E100C03165 /* LightRoom.swift in Sources */,
				AD0CA943251F8AE700C03165 /* CellInfo.swift in Sources */,
				AD83FB55251E9580000B4397 /* InfoViewController.swift in Sources */,
				AD0CA97525200B6F00C03165 /* StoryboardScenes.swift in Sources */,
				AD0CA98125217A6D00C03165 /* HomeModel.swift in Sources */,
				ADFAFB06252225BA00CF0D48 /* ClientApiService.swift in Sources */,
				AD0CA97925201BBB00C03165 /* TableTextViewCell.swift in Sources */,
				AD0CA92D251E9A8A00C03165 /* Author.swift in Sources */,
				AD0CA94A251FA44B00C03165 /* CollectionCell.swift in Sources */,
			);
			runOnlyForDeploymentPostprocessing = 0;
		};
/* End PBXSourcesBuildPhase section */

/* Begin PBXVariantGroup section */
		AD0CA962252001B200C03165 /* Localizable.strings */ = {
			isa = PBXVariantGroup;
			children = (
				AD0CA961252001B200C03165 /* en */,
				AD0CA966252005E000C03165 /* sr-RS */,
			);
			name = Localizable.strings;
			sourceTree = "<group>";
		};
/* End PBXVariantGroup section */

/* Begin XCBuildConfiguration section */
		AD83FB4E251E936E000B4397 /* Debug */ = {
			isa = XCBuildConfiguration;
			buildSettings = {
				ALWAYS_SEARCH_USER_PATHS = NO;
				CLANG_ANALYZER_LOCALIZABILITY_NONLOCALIZED = YES;
				CLANG_ANALYZER_NONNULL = YES;
				CLANG_ANALYZER_NUMBER_OBJECT_CONVERSION = YES_AGGRESSIVE;
				CLANG_CXX_LANGUAGE_STANDARD = "gnu++14";
				CLANG_CXX_LIBRARY = "libc++";
				CLANG_ENABLE_MODULES = YES;
				CLANG_ENABLE_OBJC_ARC = YES;
				CLANG_ENABLE_OBJC_WEAK = YES;
				CLANG_WARN_BLOCK_CAPTURE_AUTORELEASING = YES;
				CLANG_WARN_BOOL_CONVERSION = YES;
				CLANG_WARN_COMMA = YES;
				CLANG_WARN_CONSTANT_CONVERSION = YES;
				CLANG_WARN_DEPRECATED_OBJC_IMPLEMENTATIONS = YES;
				CLANG_WARN_DIRECT_OBJC_ISA_USAGE = YES_ERROR;
				CLANG_WARN_DOCUMENTATION_COMMENTS = YES;
				CLANG_WARN_EMPTY_BODY = YES;
				CLANG_WARN_ENUM_CONVERSION = YES;
				CLANG_WARN_INFINITE_RECURSION = YES;
				CLANG_WARN_INT_CONVERSION = YES;
				CLANG_WARN_NON_LITERAL_NULL_CONVERSION = YES;
				CLANG_WARN_OBJC_IMPLICIT_RETAIN_SELF = YES;
				CLANG_WARN_OBJC_LITERAL_CONVERSION = YES;
				CLANG_WARN_OBJC_ROOT_CLASS = YES_ERROR;
				CLANG_WARN_RANGE_LOOP_ANALYSIS = YES;
				CLANG_WARN_STRICT_PROTOTYPES = YES;
				CLANG_WARN_SUSPICIOUS_MOVE = YES;
				CLANG_WARN_UNGUARDED_AVAILABILITY = YES_AGGRESSIVE;
				CLANG_WARN_UNREACHABLE_CODE = YES;
				CLANG_WARN__DUPLICATE_METHOD_MATCH = YES;
				COPY_PHASE_STRIP = NO;
				DEBUG_INFORMATION_FORMAT = dwarf;
				ENABLE_STRICT_OBJC_MSGSEND = YES;
				ENABLE_TESTABILITY = YES;
				GCC_C_LANGUAGE_STANDARD = gnu11;
				GCC_DYNAMIC_NO_PIC = NO;
				GCC_NO_COMMON_BLOCKS = YES;
				GCC_OPTIMIZATION_LEVEL = 0;
				GCC_PREPROCESSOR_DEFINITIONS = (
					"DEBUG=1",
					"$(inherited)",
				);
				GCC_WARN_64_TO_32_BIT_CONVERSION = YES;
				GCC_WARN_ABOUT_RETURN_TYPE = YES_ERROR;
				GCC_WARN_UNDECLARED_SELECTOR = YES;
				GCC_WARN_UNINITIALIZED_AUTOS = YES_AGGRESSIVE;
				GCC_WARN_UNUSED_FUNCTION = YES;
				GCC_WARN_UNUSED_VARIABLE = YES;
				IPHONEOS_DEPLOYMENT_TARGET = 13.6;
				MTL_ENABLE_DEBUG_INFO = INCLUDE_SOURCE;
				MTL_FAST_MATH = YES;
				ONLY_ACTIVE_ARCH = YES;
				SDKROOT = iphoneos;
				SWIFT_ACTIVE_COMPILATION_CONDITIONS = DEBUG;
				SWIFT_OPTIMIZATION_LEVEL = "-Onone";
			};
			name = Debug;
		};
		AD83FB4F251E936E000B4397 /* Release */ = {
			isa = XCBuildConfiguration;
			buildSettings = {
				ALWAYS_SEARCH_USER_PATHS = NO;
				CLANG_ANALYZER_LOCALIZABILITY_NONLOCALIZED = YES;
				CLANG_ANALYZER_NONNULL = YES;
				CLANG_ANALYZER_NUMBER_OBJECT_CONVERSION = YES_AGGRESSIVE;
				CLANG_CXX_LANGUAGE_STANDARD = "gnu++14";
				CLANG_CXX_LIBRARY = "libc++";
				CLANG_ENABLE_MODULES = YES;
				CLANG_ENABLE_OBJC_ARC = YES;
				CLANG_ENABLE_OBJC_WEAK = YES;
				CLANG_WARN_BLOCK_CAPTURE_AUTORELEASING = YES;
				CLANG_WARN_BOOL_CONVERSION = YES;
				CLANG_WARN_COMMA = YES;
				CLANG_WARN_CONSTANT_CONVERSION = YES;
				CLANG_WARN_DEPRECATED_OBJC_IMPLEMENTATIONS = YES;
				CLANG_WARN_DIRECT_OBJC_ISA_USAGE = YES_ERROR;
				CLANG_WARN_DOCUMENTATION_COMMENTS = YES;
				CLANG_WARN_EMPTY_BODY = YES;
				CLANG_WARN_ENUM_CONVERSION = YES;
				CLANG_WARN_INFINITE_RECURSION = YES;
				CLANG_WARN_INT_CONVERSION = YES;
				CLANG_WARN_NON_LITERAL_NULL_CONVERSION = YES;
				CLANG_WARN_OBJC_IMPLICIT_RETAIN_SELF = YES;
				CLANG_WARN_OBJC_LITERAL_CONVERSION = YES;
				CLANG_WARN_OBJC_ROOT_CLASS = YES_ERROR;
				CLANG_WARN_RANGE_LOOP_ANALYSIS = YES;
				CLANG_WARN_STRICT_PROTOTYPES = YES;
				CLANG_WARN_SUSPICIOUS_MOVE = YES;
				CLANG_WARN_UNGUARDED_AVAILABILITY = YES_AGGRESSIVE;
				CLANG_WARN_UNREACHABLE_CODE = YES;
				CLANG_WARN__DUPLICATE_METHOD_MATCH = YES;
				COPY_PHASE_STRIP = NO;
				DEBUG_INFORMATION_FORMAT = "dwarf-with-dsym";
				ENABLE_NS_ASSERTIONS = NO;
				ENABLE_STRICT_OBJC_MSGSEND = YES;
				GCC_C_LANGUAGE_STANDARD = gnu11;
				GCC_NO_COMMON_BLOCKS = YES;
				GCC_WARN_64_TO_32_BIT_CONVERSION = YES;
				GCC_WARN_ABOUT_RETURN_TYPE = YES_ERROR;
				GCC_WARN_UNDECLARED_SELECTOR = YES;
				GCC_WARN_UNINITIALIZED_AUTOS = YES_AGGRESSIVE;
				GCC_WARN_UNUSED_FUNCTION = YES;
				GCC_WARN_UNUSED_VARIABLE = YES;
				IPHONEOS_DEPLOYMENT_TARGET = 13.6;
				MTL_ENABLE_DEBUG_INFO = NO;
				MTL_FAST_MATH = YES;
				SDKROOT = iphoneos;
				SWIFT_COMPILATION_MODE = wholemodule;
				SWIFT_OPTIMIZATION_LEVEL = "-O";
				VALIDATE_PRODUCT = YES;
			};
			name = Release;
		};
		AD83FB51251E936E000B4397 /* Debug */ = {
			isa = XCBuildConfiguration;
			baseConfigurationReference = A70C425EF446996CA722361B /* Pods-Telfor.debug.xcconfig */;
			buildSettings = {
				ASSETCATALOG_COMPILER_APPICON_NAME = AppIcon;
				CODE_SIGN_STYLE = Automatic;
				DEVELOPMENT_TEAM = SA3L24LXCA;
				INFOPLIST_FILE = Telfor/Info.plist;
				LD_RUNPATH_SEARCH_PATHS = (
					"$(inherited)",
					"@executable_path/Frameworks",
				);
				PRODUCT_BUNDLE_IDENTIFIER = com.mladenovicmarkodevelopment.Telfor;
				PRODUCT_NAME = "$(TARGET_NAME)";
				SWIFT_VERSION = 5.0;
				TARGETED_DEVICE_FAMILY = "1,2";
			};
			name = Debug;
		};
		AD83FB52251E936E000B4397 /* Release */ = {
			isa = XCBuildConfiguration;
			baseConfigurationReference = C7B897DF47C54779035DC8B4 /* Pods-Telfor.release.xcconfig */;
			buildSettings = {
				ASSETCATALOG_COMPILER_APPICON_NAME = AppIcon;
				CODE_SIGN_STYLE = Automatic;
				DEVELOPMENT_TEAM = SA3L24LXCA;
				INFOPLIST_FILE = Telfor/Info.plist;
				LD_RUNPATH_SEARCH_PATHS = (
					"$(inherited)",
					"@executable_path/Frameworks",
				);
				PRODUCT_BUNDLE_IDENTIFIER = com.mladenovicmarkodevelopment.Telfor;
				PRODUCT_NAME = "$(TARGET_NAME)";
				SWIFT_VERSION = 5.0;
				TARGETED_DEVICE_FAMILY = "1,2";
			};
			name = Release;
		};
/* End XCBuildConfiguration section */

/* Begin XCConfigurationList section */
		AD83FB37251E936D000B4397 /* Build configuration list for PBXProject "Telfor" */ = {
			isa = XCConfigurationList;
			buildConfigurations = (
				AD83FB4E251E936E000B4397 /* Debug */,
				AD83FB4F251E936E000B4397 /* Release */,
			);
			defaultConfigurationIsVisible = 0;
			defaultConfigurationName = Release;
		};
		AD83FB50251E936E000B4397 /* Build configuration list for PBXNativeTarget "Telfor" */ = {
			isa = XCConfigurationList;
			buildConfigurations = (
				AD83FB51251E936E000B4397 /* Debug */,
				AD83FB52251E936E000B4397 /* Release */,
			);
			defaultConfigurationIsVisible = 0;
			defaultConfigurationName = Release;
		};
/* End XCConfigurationList section */
	};
	rootObject = AD83FB34251E936D000B4397 /* Project object */;
}
